
Microsoft Visual Studio Solution File, Format Version 12.00
# Visual Studio Version 17
VisualStudioVersion = 17.14.36327.8 d17.14
MinimumVisualStudioVersion = 10.0.40219.1
Project("{FAE04EC0-301F-11D3-BF4B-00C04F79EFBC}") = "WebApplication13", "WebApplication13\WebApplication13.csproj", "{D5057617-4543-4682-ACC9-DCB7BD4BF5BF}"
EndProject
Global
	GlobalSection(SolutionConfigurationPlatforms) = preSolution
		Debug|Any CPU = Debug|Any CPU
		Release|Any CPU = Release|Any CPU
	EndGlobalSection
	GlobalSection(ProjectConfigurationPlatforms) = postSolution
		{D5057617-4543-4682-ACC9-DCB7BD4BF5BF}.Debug|Any CPU.ActiveCfg = Debug|Any CPU
		{D5057617-4543-4682-ACC9-DCB7BD4BF5BF}.Debug|Any CPU.Build.0 = Debug|Any CPU
		{D5057617-4543-4682-ACC9-DCB7BD4BF5BF}.Release|Any CPU.ActiveCfg = Release|Any CPU
		{D5057617-4543-4682-ACC9-DCB7BD4BF5BF}.Release|Any CPU.Build.0 = Release|Any CPU
	EndGlobalSection
	GlobalSection(SolutionProperties) = preSolution
		HideSolutionNode = FALSE
	EndGlobalSection
	GlobalSection(ExtensibilityGlobals) = postSolution
		SolutionGuid = {CCC6718A-74D3-4952-8169-191F9846D258}
	EndGlobalSection
EndGlobal
